
Microsoft Visual Studio Solution File, Format Version 11.00
# Visual Studio 2010
Project("{FAE04EC0-301F-11D3-BF4B-00C04F79EFBC}") = "Assembly-CSharp-firstpass", "Assembly-CSharp-firstpass.csproj", "{1fdaf85e-b547-cd02-b2f5-420bbce3ffa9}"
EndProject
Project("{FAE04EC0-301F-11D3-BF4B-00C04F79EFBC}") = "Assembly-CSharp", "Assembly-CSharp.csproj", "{4096753a-11a4-a822-3a24-45205749b81b}"
EndProject
Project("{FAE04EC0-301F-11D3-BF4B-00C04F79EFBC}") = "Assembly-CSharp-Editor-firstpass", "Assembly-CSharp-Editor-firstpass.csproj", "{6b7c17c8-5363-3a15-b8c4-bf54e9c14945}"
EndProject
Global
	GlobalSection(SolutionConfigurationPlatforms) = preSolution
		Debug|Any CPU = Debug|Any CPU
	EndGlobalSection
	GlobalSection(ProjectConfigurationPlatforms) = postSolution
		{1fdaf85e-b547-cd02-b2f5-420bbce3ffa9}.Debug|Any CPU.ActiveCfg = Debug|Any CPU
		{1fdaf85e-b547-cd02-b2f5-420bbce3ffa9}.Debug|Any CPU.Build.0 = Debug|Any CPU
		{4096753a-11a4-a822-3a24-45205749b81b}.Debug|Any CPU.ActiveCfg = Debug|Any CPU
		{4096753a-11a4-a822-3a24-45205749b81b}.Debug|Any CPU.Build.0 = Debug|Any CPU
		{6b7c17c8-5363-3a15-b8c4-bf54e9c14945}.Debug|Any CPU.ActiveCfg = Debug|Any CPU
		{6b7c17c8-5363-3a15-b8c4-bf54e9c14945}.Debug|Any CPU.Build.0 = Debug|Any CPU
	EndGlobalSection
	GlobalSection(SolutionProperties) = preSolution
		HideSolutionNode = FALSE
	EndGlobalSection
EndGlobal
